// !$*UTF8*$!
{
	archiveVersion = 1;
	classes = {
	};
	objectVersion = 50;
	objects = {

/* Begin PBXBuildFile section */
		7E7064E323C3EACA005CF337 /* AppDelegate.swift in Sources */ = {isa = PBXBuildFile; fileRef = 7E7064E223C3EACA005CF337 /* AppDelegate.swift */; };
		7E7064E523C3EACA005CF337 /* ViewController.swift in Sources */ = {isa = PBXBuildFile; fileRef = 7E7064E423C3EACA005CF337 /* ViewController.swift */; };
		7E7064E823C3EACA005CF337 /* Main.storyboard in Resources */ = {isa = PBXBuildFile; fileRef = 7E7064E623C3EACA005CF337 /* Main.storyboard */; };
		7E7064EA23C3EACE005CF337 /* Assets.xcassets in Resources */ = {isa = PBXBuildFile; fileRef = 7E7064E923C3EACE005CF337 /* Assets.xcassets */; };
		7E7064ED23C3EACE005CF337 /* LaunchScreen.storyboard in Resources */ = {isa = PBXBuildFile; fileRef = 7E7064EB23C3EACE005CF337 /* LaunchScreen.storyboard */; };
		7E7064F823C3EACE005CF337 /* DungeonRaidCloneTests.swift in Sources */ = {isa = PBXBuildFile; fileRef = 7E7064F723C3EACE005CF337 /* DungeonRaidCloneTests.swift */; };
		7E70650323C3EACE005CF337 /* DungeonRaidCloneUITests.swift in Sources */ = {isa = PBXBuildFile; fileRef = 7E70650223C3EACE005CF337 /* DungeonRaidCloneUITests.swift */; };
/* End PBXBuildFile section */

/* Begin PBXContainerItemProxy section */
		7E7064F423C3EACE005CF337 /* PBXContainerItemProxy */ = {
			isa = PBXContainerItemProxy;
			containerPortal = 7E7064D723C3EACA005CF337 /* Project object */;
			proxyType = 1;
			remoteGlobalIDString = 7E7064DE23C3EACA005CF337;
			remoteInfo = DungeonRaidClone;
		};
		7E7064FF23C3EACE005CF337 /* PBXContainerItemProxy */ = {
			isa = PBXContainerItemProxy;
			containerPortal = 7E7064D723C3EACA005CF337 /* Project object */;
			proxyType = 1;
			remoteGlobalIDString = 7E7064DE23C3EACA005CF337;
			remoteInfo = DungeonRaidClone;
		};
/* End PBXContainerItemProxy section */

/* Begin PBXFileReference section */
		7E7064DF23C3EACA005CF337 /* DungeonRaidClone.app */ = {isa = PBXFileReference; explicitFileType = wrapper.application; includeInIndex = 0; path = DungeonRaidClone.app; sourceTree = BUILT_PRODUCTS_DIR; };
		7E7064E223C3EACA005CF337 /* AppDelegate.swift */ = {isa = PBXFileReference; lastKnownFileType = sourcecode.swift; path = AppDelegate.swift; sourceTree = "<group>"; };
		7E7064E423C3EACA005CF337 /* ViewController.swift */ = {isa = PBXFileReference; lastKnownFileType = sourcecode.swift; path = ViewController.swift; sourceTree = "<group>"; };
		7E7064E723C3EACA005CF337 /* Base */ = {isa = PBXFileReference; lastKnownFileType = file.storyboard; name = Base; path = Base.lproj/Main.storyboard; sourceTree = "<group>"; };
		7E7064E923C3EACE005CF337 /* Assets.xcassets */ = {isa = PBXFileReference; lastKnownFileType = folder.assetcatalog; path = Assets.xcassets; sourceTree = "<group>"; };
		7E7064EC23C3EACE005CF337 /* Base */ = {isa = PBXFileReference; lastKnownFileType = file.storyboard; name = Base; path = Base.lproj/LaunchScreen.storyboard; sourceTree = "<group>"; };
		7E7064EE23C3EACE005CF337 /* Info.plist */ = {isa = PBXFileReference; lastKnownFileType = text.plist.xml; path = Info.plist; sourceTree = "<group>"; };
		7E7064F323C3EACE005CF337 /* DungeonRaidCloneTests.xctest */ = {isa = PBXFileReference; explicitFileType = wrapper.cfbundle; includeInIndex = 0; path = DungeonRaidCloneTests.xctest; sourceTree = BUILT_PRODUCTS_DIR; };
		7E7064F723C3EACE005CF337 /* DungeonRaidCloneTests.swift */ = {isa = PBXFileReference; lastKnownFileType = sourcecode.swift; path = DungeonRaidCloneTests.swift; sourceTree = "<group>"; };
		7E7064F923C3EACE005CF337 /* Info.plist */ = {isa = PBXFileReference; lastKnownFileType = text.plist.xml; path = Info.plist; sourceTree = "<group>"; };
		7E7064FE23C3EACE005CF337 /* DungeonRaidCloneUITests.xctest */ = {isa = PBXFileReference; explicitFileType = wrapper.cfbundle; includeInIndex = 0; path = DungeonRaidCloneUITests.xctest; sourceTree = BUILT_PRODUCTS_DIR; };
		7E70650223C3EACE005CF337 /* DungeonRaidCloneUITests.swift */ = {isa = PBXFileReference; lastKnownFileType = sourcecode.swift; path = DungeonRaidCloneUITests.swift; sourceTree = "<group>"; };
		7E70650423C3EACE005CF337 /* Info.plist */ = {isa = PBXFileReference; lastKnownFileType = text.plist.xml; path = Info.plist; sourceTree = "<group>"; };
/* End PBXFileReference section */

/* Begin PBXFrameworksBuildPhase section */
		7E7064DC23C3EACA005CF337 /* Frameworks */ = {
			isa = PBXFrameworksBuildPhase;
			buildActionMask = 2147483647;
			files = (
			);
			runOnlyForDeploymentPostprocessing = 0;
		};
		7E7064F023C3EACE005CF337 /* Frameworks */ = {
			isa = PBXFrameworksBuildPhase;
			buildActionMask = 2147483647;
			files = (
			);
			runOnlyForDeploymentPostprocessing = 0;
		};
		7E7064FB23C3EACE005CF337 /* Frameworks */ = {
			isa = PBXFrameworksBuildPhase;
			buildActionMask = 2147483647;
			files = (
			);
			runOnlyForDeploymentPostprocessing = 0;
		};
/* End PBXFrameworksBuildPhase section */

/* Begin PBXGroup section */
		7E7064D623C3EACA005CF337 = {
			isa = PBXGroup;
			children = (
				7E7064E123C3EACA005CF337 /* DungeonRaidClone */,
				7E7064F623C3EACE005CF337 /* DungeonRaidCloneTests */,
				7E70650123C3EACE005CF337 /* DungeonRaidCloneUITests */,
				7E7064E023C3EACA005CF337 /* Products */,
			);
			sourceTree = "<group>";
		};
		7E7064E023C3EACA005CF337 /* Products */ = {
			isa = PBXGroup;
			children = (
				7E7064DF23C3EACA005CF337 /* DungeonRaidClone.app */,
				7E7064F323C3EACE005CF337 /* DungeonRaidCloneTests.xctest */,
				7E7064FE23C3EACE005CF337 /* DungeonRaidCloneUITests.xctest */,
			);
			name = Products;
			sourceTree = "<group>";
		};
		7E7064E123C3EACA005CF337 /* DungeonRaidClone */ = {
			isa = PBXGroup;
			children = (
				7E7064E223C3EACA005CF337 /* AppDelegate.swift */,
				7E7064E423C3EACA005CF337 /* ViewController.swift */,
				7E7064E623C3EACA005CF337 /* Main.storyboard */,
				7E7064E923C3EACE005CF337 /* Assets.xcassets */,
				7E7064EB23C3EACE005CF337 /* LaunchScreen.storyboard */,
				7E7064EE23C3EACE005CF337 /* Info.plist */,
			);
			path = DungeonRaidClone;
			sourceTree = "<group>";
		};
		7E7064F623C3EACE005CF337 /* DungeonRaidCloneTests */ = {
			isa = PBXGroup;
			children = (
				7E7064F723C3EACE005CF337 /* DungeonRaidCloneTests.swift */,
				7E7064F923C3EACE005CF337 /* Info.plist */,
			);
			path = DungeonRaidCloneTests;
			sourceTree = "<group>";
		};
		7E70650123C3EACE005CF337 /* DungeonRaidCloneUITests */ = {
			isa = PBXGroup;
			children = (
				7E70650223C3EACE005CF337 /* DungeonRaidCloneUITests.swift */,
				7E70650423C3EACE005CF337 /* Info.plist */,
			);
			path = DungeonRaidCloneUITests;
			sourceTree = "<group>";
		};
/* End PBXGroup section */

/* Begin PBXNativeTarget section */
		7E7064DE23C3EACA005CF337 /* DungeonRaidClone */ = {
			isa = PBXNativeTarget;
			buildConfigurationList = 7E70650723C3EACE005CF337 /* Build configuration list for PBXNativeTarget "DungeonRaidClone" */;
			buildPhases = (
				7E7064DB23C3EACA005CF337 /* Sources */,
				7E7064DC23C3EACA005CF337 /* Frameworks */,
				7E7064DD23C3EACA005CF337 /* Resources */,
			);
			buildRules = (
			);
			dependencies = (
			);
			name = DungeonRaidClone;
			productName = DungeonRaidClone;
			productReference = 7E7064DF23C3EACA005CF337 /* DungeonRaidClone.app */;
			productType = "com.apple.product-type.application";
		};
		7E7064F223C3EACE005CF337 /* DungeonRaidCloneTests */ = {
			isa = PBXNativeTarget;
			buildConfigurationList = 7E70650A23C3EACE005CF337 /* Build configuration list for PBXNativeTarget "DungeonRaidCloneTests" */;
			buildPhases = (
				7E7064EF23C3EACE005CF337 /* Sources */,
				7E7064F023C3EACE005CF337 /* Frameworks */,
				7E7064F123C3EACE005CF337 /* Resources */,
			);
			buildRules = (
			);
			dependencies = (
				7E7064F523C3EACE005CF337 /* PBXTargetDependency */,
			);
			name = DungeonRaidCloneTests;
			productName = DungeonRaidCloneTests;
			productReference = 7E7064F323C3EACE005CF337 /* DungeonRaidCloneTests.xctest */;
			productType = "com.apple.product-type.bundle.unit-test";
		};
		7E7064FD23C3EACE005CF337 /* DungeonRaidCloneUITests */ = {
			isa = PBXNativeTarget;
			buildConfigurationList = 7E70650D23C3EACE005CF337 /* Build configuration list for PBXNativeTarget "DungeonRaidCloneUITests" */;
			buildPhases = (
				7E7064FA23C3EACE005CF337 /* Sources */,
				7E7064FB23C3EACE005CF337 /* Frameworks */,
				7E7064FC23C3EACE005CF337 /* Resources */,
			);
			buildRules = (
			);
			dependencies = (
				7E70650023C3EACE005CF337 /* PBXTargetDependency */,
			);
			name = DungeonRaidCloneUITests;
			productName = DungeonRaidCloneUITests;
			productReference = 7E7064FE23C3EACE005CF337 /* DungeonRaidCloneUITests.xctest */;
			productType = "com.apple.product-type.bundle.ui-testing";
		};
/* End PBXNativeTarget section */

/* Begin PBXProject section */
		7E7064D723C3EACA005CF337 /* Project object */ = {
			isa = PBXProject;
			attributes = {
				LastSwiftUpdateCheck = 1010;
				LastUpgradeCheck = 1010;
				ORGANIZATIONNAME = "Cameron Krischel";
				TargetAttributes = {
					7E7064DE23C3EACA005CF337 = {
						CreatedOnToolsVersion = 10.1;
					};
					7E7064F223C3EACE005CF337 = {
						CreatedOnToolsVersion = 10.1;
						TestTargetID = 7E7064DE23C3EACA005CF337;
					};
					7E7064FD23C3EACE005CF337 = {
						CreatedOnToolsVersion = 10.1;
						TestTargetID = 7E7064DE23C3EACA005CF337;
					};
				};
			};
			buildConfigurationList = 7E7064DA23C3EACA005CF337 /* Build configuration list for PBXProject "DungeonRaidClone" */;
			compatibilityVersion = "Xcode 9.3";
			developmentRegion = en;
			hasScannedForEncodings = 0;
			knownRegions = (
				en,
				Base,
			);
			mainGroup = 7E7064D623C3EACA005CF337;
			productRefGroup = 7E7064E023C3EACA005CF337 /* Products */;
			projectDirPath = "";
			projectRoot = "";
			targets = (
				7E7064DE23C3EACA005CF337 /* DungeonRaidClone */,
				7E7064F223C3EACE005CF337 /* DungeonRaidCloneTests */,
				7E7064FD23C3EACE005CF337 /* DungeonRaidCloneUITests */,
			);
		};
/* End PBXProject section */

/* Begin PBXResourcesBuildPhase section */
		7E7064DD23C3EACA005CF337 /* Resources */ = {
			isa = PBXResourcesBuildPhase;
			buildActionMask = 2147483647;
			files = (
				7E7064ED23C3EACE005CF337 /* LaunchScreen.storyboard in Resources */,
				7E7064EA23C3EACE005CF337 /* Assets.xcassets in Resources */,
				7E7064E823C3EACA005CF337 /* Main.storyboard in Resources */,
			);
			runOnlyForDeploymentPostprocessing = 0;
		};
		7E7064F123C3EACE005CF337 /* Resources */ = {
			isa = PBXResourcesBuildPhase;
			buildActionMask = 2147483647;
			files = (
			);
			runOnlyForDeploymentPostprocessing = 0;
		};
		7E7064FC23C3EACE005CF337 /* Resources */ = {
			isa = PBXResourcesBuildPhase;
			buildActionMask = 2147483647;
			files = (
			);
			runOnlyForDeploymentPostprocessing = 0;
		};
/* End PBXResourcesBuildPhase section */

/* Begin PBXSourcesBuildPhase section */
		7E7064DB23C3EACA005CF337 /* Sources */ = {
			isa = PBXSourcesBuildPhase;
			buildActionMask = 2147483647;
			files = (
				7E7064E523C3EACA005CF337 /* ViewController.swift in Sources */,
				7E7064E323C3EACA005CF337 /* AppDelegate.swift in Sources */,
			);
			runOnlyForDeploymentPostprocessing = 0;
		};
		7E7064EF23C3EACE005CF337 /* Sources */ = {
			isa = PBXSourcesBuildPhase;
			buildActionMask = 2147483647;
			files = (
				7E7064F823C3EACE005CF337 /* DungeonRaidCloneTests.swift in Sources */,
			);
			runOnlyForDeploymentPostprocessing = 0;
		};
		7E7064FA23C3EACE005CF337 /* Sources */ = {
			isa = PBXSourcesBuildPhase;
			buildActionMask = 2147483647;
			files = (
				7E70650323C3EACE005CF337 /* DungeonRaidCloneUITests.swift in Sources */,
			);
			runOnlyForDeploymentPostprocessing = 0;
		};
/* End PBXSourcesBuildPhase section */

/* Begin PBXTargetDependency section */
		7E7064F523C3EACE005CF337 /* PBXTargetDependency */ = {
			isa = PBXTargetDependency;
			target = 7E7064DE23C3EACA005CF337 /* DungeonRaidClone */;
			targetProxy = 7E7064F423C3EACE005CF337 /* PBXContainerItemProxy */;
		};
		7E70650023C3EACE005CF337 /* PBXTargetDependency */ = {
			isa = PBXTargetDependency;
			target = 7E7064DE23C3EACA005CF337 /* DungeonRaidClone */;
			targetProxy = 7E7064FF23C3EACE005CF337 /* PBXContainerItemProxy */;
		};
/* End PBXTargetDependency section */

/* Begin PBXVariantGroup section */
		7E7064E623C3EACA005CF337 /* Main.storyboard */ = {
			isa = PBXVariantGroup;
			children = (
				7E7064E723C3EACA005CF337 /* Base */,
			);
			name = Main.storyboard;
			sourceTree = "<group>";
		};
		7E7064EB23C3EACE005CF337 /* LaunchScreen.storyboard */ = {
			isa = PBXVariantGroup;
			children = (
				7E7064EC23C3EACE005CF337 /* Base */,
			);
			name = LaunchScreen.storyboard;
			sourceTree = "<group>";
		};
/* End PBXVariantGroup section */

/* Begin XCBuildConfiguration section */
		7E70650523C3EACE005CF337 /* Debug */ = {
			isa = XCBuildConfiguration;
			buildSettings = {
				ALWAYS_SEARCH_USER_PATHS = NO;
				CLANG_ANALYZER_NONNULL = YES;
				CLANG_ANALYZER_NUMBER_OBJECT_CONVERSION = YES_AGGRESSIVE;
				CLANG_CXX_LANGUAGE_STANDARD = "gnu++14";
				CLANG_CXX_LIBRARY = "libc++";
				CLANG_ENABLE_MODULES = YES;
				CLANG_ENABLE_OBJC_ARC = YES;
				CLANG_ENABLE_OBJC_WEAK = YES;
				CLANG_WARN_BLOCK_CAPTURE_AUTORELEASING = YES;
				CLANG_WARN_BOOL_CONVERSION = YES;
				CLANG_WARN_COMMA = YES;
				CLANG_WARN_CONSTANT_CONVERSION = YES;
				CLANG_WARN_DEPRECATED_OBJC_IMPLEMENTATIONS = YES;
				CLANG_WARN_DIRECT_OBJC_ISA_USAGE = YES_ERROR;
				CLANG_WARN_DOCUMENTATION_COMMENTS = YES;
				CLANG_WARN_EMPTY_BODY = YES;
				CLANG_WARN_ENUM_CONVERSION = YES;
				CLANG_WARN_INFINITE_RECURSION = YES;
				CLANG_WARN_INT_CONVERSION = YES;
				CLANG_WARN_NON_LITERAL_NULL_CONVERSION = YES;
				CLANG_WARN_OBJC_IMPLICIT_RETAIN_SELF = YES;
				CLANG_WARN_OBJC_LITERAL_CONVERSION = YES;
				CLANG_WARN_OBJC_ROOT_CLASS = YES_ERROR;
				CLANG_WARN_RANGE_LOOP_ANALYSIS = YES;
				CLANG_WARN_STRICT_PROTOTYPES = YES;
				CLANG_WARN_SUSPICIOUS_MOVE = YES;
				CLANG_WARN_UNGUARDED_AVAILABILITY = YES_AGGRESSIVE;
				CLANG_WARN_UNREACHABLE_CODE = YES;
				CLANG_WARN__DUPLICATE_METHOD_MATCH = YES;
				CODE_SIGN_IDENTITY = "iPhone Developer";
				COPY_PHASE_STRIP = NO;
				DEBUG_INFORMATION_FORMAT = dwarf;
				ENABLE_STRICT_OBJC_MSGSEND = YES;
				ENABLE_TESTABILITY = YES;
				GCC_C_LANGUAGE_STANDARD = gnu11;
				GCC_DYNAMIC_NO_PIC = NO;
				GCC_NO_COMMON_BLOCKS = YES;
				GCC_OPTIMIZATION_LEVEL = 0;
				GCC_PREPROCESSOR_DEFINITIONS = (
					"DEBUG=1",
					"$(inherited)",
				);
				GCC_WARN_64_TO_32_BIT_CONVERSION = YES;
				GCC_WARN_ABOUT_RETURN_TYPE = YES_ERROR;
				GCC_WARN_UNDECLARED_SELECTOR = YES;
				GCC_WARN_UNINITIALIZED_AUTOS = YES_AGGRESSIVE;
				GCC_WARN_UNUSED_FUNCTION = YES;
				GCC_WARN_UNUSED_VARIABLE = YES;
				IPHONEOS_DEPLOYMENT_TARGET = 12.1;
				MTL_ENABLE_DEBUG_INFO = INCLUDE_SOURCE;
				MTL_FAST_MATH = YES;
				ONLY_ACTIVE_ARCH = YES;
				SDKROOT = iphoneos;
				SWIFT_ACTIVE_COMPILATION_CONDITIONS = DEBUG;
				SWIFT_OPTIMIZATION_LEVEL = "-Onone";
			};
			name = Debug;
		};
		7E70650623C3EACE005CF337 /* Release */ = {
			isa = XCBuildConfiguration;
			buildSettings = {
				ALWAYS_SEARCH_USER_PATHS = NO;
				CLANG_ANALYZER_NONNULL = YES;
				CLANG_ANALYZER_NUMBER_OBJECT_CONVERSION = YES_AGGRESSIVE;
				CLANG_CXX_LANGUAGE_STANDARD = "gnu++14";
				CLANG_CXX_LIBRARY = "libc++";
				CLANG_ENABLE_MODULES = YES;
				CLANG_ENABLE_OBJC_ARC = YES;
				CLANG_ENABLE_OBJC_WEAK = YES;
				CLANG_WARN_BLOCK_CAPTURE_AUTORELEASING = YES;
				CLANG_WARN_BOOL_CONVERSION = YES;
				CLANG_WARN_COMMA = YES;
				CLANG_WARN_CONSTANT_CONVERSION = YES;
				CLANG_WARN_DEPRECATED_OBJC_IMPLEMENTATIONS = YES;
				CLANG_WARN_DIRECT_OBJC_ISA_USAGE = YES_ERROR;
				CLANG_WARN_DOCUMENTATION_COMMENTS = YES;
				CLANG_WARN_EMPTY_BODY = YES;
				CLANG_WARN_ENUM_CONVERSION = YES;
				CLANG_WARN_INFINITE_RECURSION = YES;
				CLANG_WARN_INT_CONVERSION = YES;
				CLANG_WARN_NON_LITERAL_NULL_CONVERSION = YES;
				CLANG_WARN_OBJC_IMPLICIT_RETAIN_SELF = YES;
				CLANG_WARN_OBJC_LITERAL_CONVERSION = YES;
				CLANG_WARN_OBJC_ROOT_CLASS = YES_ERROR;
				CLANG_WARN_RANGE_LOOP_ANALYSIS = YES;
				CLANG_WARN_STRICT_PROTOTYPES = YES;
				CLANG_WARN_SUSPICIOUS_MOVE = YES;
				CLANG_WARN_UNGUARDED_AVAILABILITY = YES_AGGRESSIVE;
				CLANG_WARN_UNREACHABLE_CODE = YES;
				CLANG_WARN__DUPLICATE_METHOD_MATCH = YES;
				CODE_SIGN_IDENTITY = "iPhone Developer";
				COPY_PHASE_STRIP = NO;
				DEBUG_INFORMATION_FORMAT = "dwarf-with-dsym";
				ENABLE_NS_ASSERTIONS = NO;
				ENABLE_STRICT_OBJC_MSGSEND = YES;
				GCC_C_LANGUAGE_STANDARD = gnu11;
				GCC_NO_COMMON_BLOCKS = YES;
				GCC_WARN_64_TO_32_BIT_CONVERSION = YES;
				GCC_WARN_ABOUT_RETURN_TYPE = YES_ERROR;
				GCC_WARN_UNDECLARED_SELECTOR = YES;
				GCC_WARN_UNINITIALIZED_AUTOS = YES_AGGRESSIVE;
				GCC_WARN_UNUSED_FUNCTION = YES;
				GCC_WARN_UNUSED_VARIABLE = YES;
				IPHONEOS_DEPLOYMENT_TARGET = 12.1;
				MTL_ENABLE_DEBUG_INFO = NO;
				MTL_FAST_MATH = YES;
				SDKROOT = iphoneos;
				SWIFT_COMPILATION_MODE = wholemodule;
				SWIFT_OPTIMIZATION_LEVEL = "-O";
				VALIDATE_PRODUCT = YES;
			};
			name = Release;
		};
		7E70650823C3EACE005CF337 /* Debug */ = {
			isa = XCBuildConfiguration;
			buildSettings = {
				ASSETCATALOG_COMPILER_APPICON_NAME = AppIcon;
				CODE_SIGN_STYLE = Automatic;
				DEVELOPMENT_TEAM = DCPZJTLLA6;
				INFOPLIST_FILE = DungeonRaidClone/Info.plist;
				LD_RUNPATH_SEARCH_PATHS = (
					"$(inherited)",
					"@executable_path/Frameworks",
				);
				PRODUCT_BUNDLE_IDENTIFIER = com.Krischel.DungeonRaidClone;
				PRODUCT_NAME = "$(TARGET_NAME)";
				SWIFT_VERSION = 4.2;
				TARGETED_DEVICE_FAMILY = "1,2";
			};
			name = Debug;
		};
		7E70650923C3EACE005CF337 /* Release */ = {
			isa = XCBuildConfiguration;
			buildSettings = {
				ASSETCATALOG_COMPILER_APPICON_NAME = AppIcon;
				CODE_SIGN_STYLE = Automatic;
				DEVELOPMENT_TEAM = DCPZJTLLA6;
				INFOPLIST_FILE = DungeonRaidClone/Info.plist;
				LD_RUNPATH_SEARCH_PATHS = (
					"$(inherited)",
					"@executable_path/Frameworks",
				);
				PRODUCT_BUNDLE_IDENTIFIER = com.Krischel.DungeonRaidClone;
				PRODUCT_NAME = "$(TARGET_NAME)";
				SWIFT_VERSION = 4.2;
				TARGETED_DEVICE_FAMILY = "1,2";
			};
			name = Release;
		};
		7E70650B23C3EACE005CF337 /* Debug */ = {
			isa = XCBuildConfiguration;
			buildSettings = {
				ALWAYS_EMBED_SWIFT_STANDARD_LIBRARIES = YES;
				BUNDLE_LOADER = "$(TEST_HOST)";
				CODE_SIGN_STYLE = Automatic;
				DEVELOPMENT_TEAM = DCPZJTLLA6;
				INFOPLIST_FILE = DungeonRaidCloneTests/Info.plist;
				LD_RUNPATH_SEARCH_PATHS = (
					"$(inherited)",
					"@executable_path/Frameworks",
					"@loader_path/Frameworks",
				);
				PRODUCT_BUNDLE_IDENTIFIER = com.Krischel.DungeonRaidCloneTests;
				PRODUCT_NAME = "$(TARGET_NAME)";
				SWIFT_VERSION = 4.2;
				TARGETED_DEVICE_FAMILY = "1,2";
				TEST_HOST = "$(BUILT_PRODUCTS_DIR)/DungeonRaidClone.app/DungeonRaidClone";
			};
			name = Debug;
		};
		7E70650C23C3EACE005CF337 /* Release */ = {
			isa = XCBuildConfiguration;
			buildSettings = {
				ALWAYS_EMBED_SWIFT_STANDARD_LIBRARIES = YES;
				BUNDLE_LOADER = "$(TEST_HOST)";
				CODE_SIGN_STYLE = Automatic;
				DEVELOPMENT_TEAM = DCPZJTLLA6;
				INFOPLIST_FILE = DungeonRaidCloneTests/Info.plist;
				LD_RUNPATH_SEARCH_PATHS = (
					"$(inherited)",
					"@executable_path/Frameworks",
					"@loader_path/Frameworks",
				);
				PRODUCT_BUNDLE_IDENTIFIER = com.Krischel.DungeonRaidCloneTests;
				PRODUCT_NAME = "$(TARGET_NAME)";
				SWIFT_VERSION = 4.2;
				TARGETED_DEVICE_FAMILY = "1,2";
				TEST_HOST = "$(BUILT_PRODUCTS_DIR)/DungeonRaidClone.app/DungeonRaidClone";
			};
			name = Release;
		};
		7E70650E23C3EACE005CF337 /* Debug */ = {
			isa = XCBuildConfiguration;
			buildSettings = {
				ALWAYS_EMBED_SWIFT_STANDARD_LIBRARIES = YES;
				CODE_SIGN_STYLE = Automatic;
				DEVELOPMENT_TEAM = DCPZJTLLA6;
				INFOPLIST_FILE = DungeonRaidCloneUITests/Info.plist;
				LD_RUNPATH_SEARCH_PATHS = (
					"$(inherited)",
					"@executable_path/Frameworks",
					"@loader_path/Frameworks",
				);
				PRODUCT_BUNDLE_IDENTIFIER = com.Krischel.DungeonRaidCloneUITests;
				PRODUCT_NAME = "$(TARGET_NAME)";
				SWIFT_VERSION = 4.2;
				TARGETED_DEVICE_FAMILY = "1,2";
				TEST_TARGET_NAME = DungeonRaidClone;
			};
			name = Debug;
		};
		7E70650F23C3EACE005CF337 /* Release */ = {
			isa = XCBuildConfiguration;
			buildSettings = {
				ALWAYS_EMBED_SWIFT_STANDARD_LIBRARIES = YES;
				CODE_SIGN_STYLE = Automatic;
				DEVELOPMENT_TEAM = DCPZJTLLA6;
				INFOPLIST_FILE = DungeonRaidCloneUITests/Info.plist;
				LD_RUNPATH_SEARCH_PATHS = (
					"$(inherited)",
					"@executable_path/Frameworks",
					"@loader_path/Frameworks",
				);
				PRODUCT_BUNDLE_IDENTIFIER = com.Krischel.DungeonRaidCloneUITests;
				PRODUCT_NAME = "$(TARGET_NAME)";
				SWIFT_VERSION = 4.2;
				TARGETED_DEVICE_FAMILY = "1,2";
				TEST_TARGET_NAME = DungeonRaidClone;
			};
			name = Release;
		};
/* End XCBuildConfiguration section */

/* Begin XCConfigurationList section */
		7E7064DA23C3EACA005CF337 /* Build configuration list for PBXProject "DungeonRaidClone" */ = {
			isa = XCConfigurationList;
			buildConfigurations = (
				7E70650523C3EACE005CF337 /* Debug */,
				7E70650623C3EACE005CF337 /* Release */,
			);
			defaultConfigurationIsVisible = 0;
			defaultConfigurationName = Release;
		};
		7E70650723C3EACE005CF337 /* Build configuration list for PBXNativeTarget "DungeonRaidClone" */ = {
			isa = XCConfigurationList;
			buildConfigurations = (
				7E70650823C3EACE005CF337 /* Debug */,
				7E70650923C3EACE005CF337 /* Release */,
			);
			defaultConfigurationIsVisible = 0;
			defaultConfigurationName = Release;
		};
		7E70650A23C3EACE005CF337 /* Build configuration list for PBXNativeTarget "DungeonRaidCloneTests" */ = {
			isa = XCConfigurationList;
			buildConfigurations = (
				7E70650B23C3EACE005CF337 /* Debug */,
				7E70650C23C3EACE005CF337 /* Release */,
			);
			defaultConfigurationIsVisible = 0;
			defaultConfigurationName = Release;
		};
		7E70650D23C3EACE005CF337 /* Build configuration list for PBXNativeTarget "DungeonRaidCloneUITests" */ = {
			isa = XCConfigurationList;
			buildConfigurations = (
				7E70650E23C3EACE005CF337 /* Debug */,
				7E70650F23C3EACE005CF337 /* Release */,
			);
			defaultConfigurationIsVisible = 0;
			defaultConfigurationName = Release;
		};
/* End XCConfigurationList section */
	};
	rootObject = 7E7064D723C3EACA005CF337 /* Project object */;
}
